// !$*UTF8*$!
{
	archiveVersion = 1;
	classes = {
	};
	objectVersion = 55;
	objects = {

/* Begin PBXBuildFile section */
		4E296C6F280E01510080E9BF /* FoodView.swift in Sources */ = {isa = PBXBuildFile; fileRef = 4E296C6E280E01510080E9BF /* FoodView.swift */; };
		4E296C72280E01F30080E9BF /* RestaurantTopBarView.swift in Sources */ = {isa = PBXBuildFile; fileRef = 4E296C71280E01F30080E9BF /* RestaurantTopBarView.swift */; };
		4E296C75280E185F0080E9BF /* FoodModel.swift in Sources */ = {isa = PBXBuildFile; fileRef = 4E296C74280E185F0080E9BF /* FoodModel.swift */; };
		4E296C77280E1A790080E9BF /* RestaurantModel.swift in Sources */ = {isa = PBXBuildFile; fileRef = 4E296C76280E1A790080E9BF /* RestaurantModel.swift */; };
		4E296C79280EAFAC0080E9BF /* CartView.swift in Sources */ = {isa = PBXBuildFile; fileRef = 4E296C78280EAFAC0080E9BF /* CartView.swift */; };
		4E296C7B280EB1440080E9BF /* CartModel.swift in Sources */ = {isa = PBXBuildFile; fileRef = 4E296C7A280EB1440080E9BF /* CartModel.swift */; };
		4E296C7E280EB1D90080E9BF /* CartViewModel.swift in Sources */ = {isa = PBXBuildFile; fileRef = 4E296C7D280EB1D90080E9BF /* CartViewModel.swift */; };
		4E296C83280EC7DC0080E9BF /* TopBarView.swift in Sources */ = {isa = PBXBuildFile; fileRef = 4E296C82280EC7DC0080E9BF /* TopBarView.swift */; };
		4E296C85280EC83F0080E9BF /* CheckoutView.swift in Sources */ = {isa = PBXBuildFile; fileRef = 4E296C84280EC83F0080E9BF /* CheckoutView.swift */; };
		4E296C87280ECB9A0080E9BF /* PaymentModel.swift in Sources */ = {isa = PBXBuildFile; fileRef = 4E296C86280ECB9A0080E9BF /* PaymentModel.swift */; };
		4E296C89280ED0FC0080E9BF /* UserViewModel.swift in Sources */ = {isa = PBXBuildFile; fileRef = 4E296C88280ED0FC0080E9BF /* UserViewModel.swift */; };
		4E296C8B280EED5A0080E9BF /* OrderCompleteView.swift in Sources */ = {isa = PBXBuildFile; fileRef = 4E296C8A280EED5A0080E9BF /* OrderCompleteView.swift */; };
		4E296C8D280EF1920080E9BF /* ProfileView.swift in Sources */ = {isa = PBXBuildFile; fileRef = 4E296C8C280EF1920080E9BF /* ProfileView.swift */; };
		4E296C8F2810089E0080E9BF /* SavedView.swift in Sources */ = {isa = PBXBuildFile; fileRef = 4E296C8E2810089E0080E9BF /* SavedView.swift */; };
		4E296C9128100DEB0080E9BF /* NotificationsView.swift in Sources */ = {isa = PBXBuildFile; fileRef = 4E296C9028100DEB0080E9BF /* NotificationsView.swift */; };
		4E296C9328100FFA0080E9BF /* NotificationsModel.swift in Sources */ = {isa = PBXBuildFile; fileRef = 4E296C9228100FFA0080E9BF /* NotificationsModel.swift */; };
		4E296C9528101D140080E9BF /* EditProfile.swift in Sources */ = {isa = PBXBuildFile; fileRef = 4E296C9428101D140080E9BF /* EditProfile.swift */; };
		4E296C972810294F0080E9BF /* OrdersView.swift in Sources */ = {isa = PBXBuildFile; fileRef = 4E296C962810294F0080E9BF /* OrdersView.swift */; };
		4E296C99281029D40080E9BF /* OrderModel.swift in Sources */ = {isa = PBXBuildFile; fileRef = 4E296C98281029D40080E9BF /* OrderModel.swift */; };
		4E296C9B28102D580080E9BF /* OrderDetailsView.swift in Sources */ = {isa = PBXBuildFile; fileRef = 4E296C9A28102D580080E9BF /* OrderDetailsView.swift */; };
		4E296C9D28103A380080E9BF /* PaymentMethodView.swift in Sources */ = {isa = PBXBuildFile; fileRef = 4E296C9C28103A380080E9BF /* PaymentMethodView.swift */; };
		4E296CA1281040E00080E9BF /* HomePageView.swift in Sources */ = {isa = PBXBuildFile; fileRef = 4E296CA0281040E00080E9BF /* HomePageView.swift */; };
		4E296CA3281053B50080E9BF /* GoogleService-Info.plist in Resources */ = {isa = PBXBuildFile; fileRef = 4E296CA2281053B50080E9BF /* GoogleService-Info.plist */; };
		4E296CA6281054840080E9BF /* FirebaseAnalytics in Frameworks */ = {isa = PBXBuildFile; productRef = 4E296CA5281054840080E9BF /* FirebaseAnalytics */; };
		4E296CA8281054840080E9BF /* FirebaseAuth in Frameworks */ = {isa = PBXBuildFile; productRef = 4E296CA7281054840080E9BF /* FirebaseAuth */; };
		4E296CAA281054840080E9BF /* FirebaseCrashlytics in Frameworks */ = {isa = PBXBuildFile; productRef = 4E296CA9281054840080E9BF /* FirebaseCrashlytics */; };
		4E296CAC281054840080E9BF /* FirebaseDatabase in Frameworks */ = {isa = PBXBuildFile; productRef = 4E296CAB281054840080E9BF /* FirebaseDatabase */; };
		4E296CAE281054840080E9BF /* FirebaseFirestore in Frameworks */ = {isa = PBXBuildFile; productRef = 4E296CAD281054840080E9BF /* FirebaseFirestore */; };
		4E296CB0281054840080E9BF /* FirebaseStorage in Frameworks */ = {isa = PBXBuildFile; productRef = 4E296CAF281054840080E9BF /* FirebaseStorage */; };
		4E296CB2281057B20080E9BF /* UserModel.swift in Sources */ = {isa = PBXBuildFile; fileRef = 4E296CB1281057B20080E9BF /* UserModel.swift */; };
		4E5BD0CB280A0B61000544DA /* HomeView.swift in Sources */ = {isa = PBXBuildFile; fileRef = 4E5BD0CA280A0B61000544DA /* HomeView.swift */; };
		4E5BD0CE280A0B88000544DA /* Constants.swift in Sources */ = {isa = PBXBuildFile; fileRef = 4E5BD0CD280A0B88000544DA /* Constants.swift */; };
		4E5BD0D0280AD699000544DA /* RestaurantView.swift in Sources */ = {isa = PBXBuildFile; fileRef = 4E5BD0CF280AD699000544DA /* RestaurantView.swift */; };
		4ECCB2C22809BEBA0046A0A3 /* deliveryAppApp.swift in Sources */ = {isa = PBXBuildFile; fileRef = 4ECCB2C12809BEBA0046A0A3 /* deliveryAppApp.swift */; };
		4ECCB2C62809BEBB0046A0A3 /* Assets.xcassets in Resources */ = {isa = PBXBuildFile; fileRef = 4ECCB2C52809BEBB0046A0A3 /* Assets.xcassets */; };
		4ECCB2C92809BEBB0046A0A3 /* Preview Assets.xcassets in Resources */ = {isa = PBXBuildFile; fileRef = 4ECCB2C82809BEBB0046A0A3 /* Preview Assets.xcassets */; };
/* End PBXBuildFile section */

/* Begin PBXFileReference section */
		4E296C6E280E01510080E9BF /* FoodView.swift */ = {isa = PBXFileReference; lastKnownFileType = sourcecode.swift; path = FoodView.swift; sourceTree = "<group>"; };
		4E296C71280E01F30080E9BF /* RestaurantTopBarView.swift */ = {isa = PBXFileReference; lastKnownFileType = sourcecode.swift; path = RestaurantTopBarView.swift; sourceTree = "<group>"; };
		4E296C74280E185F0080E9BF /* FoodModel.swift */ = {isa = PBXFileReference; lastKnownFileType = sourcecode.swift; path = FoodModel.swift; sourceTree = "<group>"; };
		4E296C76280E1A790080E9BF /* RestaurantModel.swift */ = {isa = PBXFileReference; lastKnownFileType = sourcecode.swift; path = RestaurantModel.swift; sourceTree = "<group>"; };
		4E296C78280EAFAC0080E9BF /* CartView.swift */ = {isa = PBXFileReference; lastKnownFileType = sourcecode.swift; path = CartView.swift; sourceTree = "<group>"; };
		4E296C7A280EB1440080E9BF /* CartModel.swift */ = {isa = PBXFileReference; lastKnownFileType = sourcecode.swift; path = CartModel.swift; sourceTree = "<group>"; };
		4E296C7D280EB1D90080E9BF /* CartViewModel.swift */ = {isa = PBXFileReference; lastKnownFileType = sourcecode.swift; path = CartViewModel.swift; sourceTree = "<group>"; };
		4E296C82280EC7DC0080E9BF /* TopBarView.swift */ = {isa = PBXFileReference; lastKnownFileType = sourcecode.swift; path = TopBarView.swift; sourceTree = "<group>"; };
		4E296C84280EC83F0080E9BF /* CheckoutView.swift */ = {isa = PBXFileReference; lastKnownFileType = sourcecode.swift; path = CheckoutView.swift; sourceTree = "<group>"; };
		4E296C86280ECB9A0080E9BF /* PaymentModel.swift */ = {isa = PBXFileReference; lastKnownFileType = sourcecode.swift; path = PaymentModel.swift; sourceTree = "<group>"; };
		4E296C88280ED0FC0080E9BF /* UserViewModel.swift */ = {isa = PBXFileReference; lastKnownFileType = sourcecode.swift; path = UserViewModel.swift; sourceTree = "<group>"; };
		4E296C8A280EED5A0080E9BF /* OrderCompleteView.swift */ = {isa = PBXFileReference; lastKnownFileType = sourcecode.swift; path = OrderCompleteView.swift; sourceTree = "<group>"; };
		4E296C8C280EF1920080E9BF /* ProfileView.swift */ = {isa = PBXFileReference; lastKnownFileType = sourcecode.swift; path = ProfileView.swift; sourceTree = "<group>"; };
		4E296C8E2810089E0080E9BF /* SavedView.swift */ = {isa = PBXFileReference; lastKnownFileType = sourcecode.swift; path = SavedView.swift; sourceTree = "<group>"; };
		4E296C9028100DEB0080E9BF /* NotificationsView.swift */ = {isa = PBXFileReference; lastKnownFileType = sourcecode.swift; path = NotificationsView.swift; sourceTree = "<group>"; };
		4E296C9228100FFA0080E9BF /* NotificationsModel.swift */ = {isa = PBXFileReference; lastKnownFileType = sourcecode.swift; path = NotificationsModel.swift; sourceTree = "<group>"; };
		4E296C9428101D140080E9BF /* EditProfile.swift */ = {isa = PBXFileReference; lastKnownFileType = sourcecode.swift; path = EditProfile.swift; sourceTree = "<group>"; };
		4E296C962810294F0080E9BF /* OrdersView.swift */ = {isa = PBXFileReference; lastKnownFileType = sourcecode.swift; path = OrdersView.swift; sourceTree = "<group>"; };
		4E296C98281029D40080E9BF /* OrderModel.swift */ = {isa = PBXFileReference; lastKnownFileType = sourcecode.swift; path = OrderModel.swift; sourceTree = "<group>"; };
		4E296C9A28102D580080E9BF /* OrderDetailsView.swift */ = {isa = PBXFileReference; lastKnownFileType = sourcecode.swift; path = OrderDetailsView.swift; sourceTree = "<group>"; };
		4E296C9C28103A380080E9BF /* PaymentMethodView.swift */ = {isa = PBXFileReference; lastKnownFileType = sourcecode.swift; path = PaymentMethodView.swift; sourceTree = "<group>"; };
		4E296CA0281040E00080E9BF /* HomePageView.swift */ = {isa = PBXFileReference; lastKnownFileType = sourcecode.swift; path = HomePageView.swift; sourceTree = "<group>"; };
		4E296CA2281053B50080E9BF /* GoogleService-Info.plist */ = {isa = PBXFileReference; fileEncoding = 4; lastKnownFileType = text.plist.xml; name = "GoogleService-Info.plist"; path = "../../../../Downloads/GoogleService-Info.plist"; sourceTree = "<group>"; };
		4E296CB1281057B20080E9BF /* UserModel.swift */ = {isa = PBXFileReference; lastKnownFileType = sourcecode.swift; path = UserModel.swift; sourceTree = "<group>"; };
		4E5BD0CA280A0B61000544DA /* HomeView.swift */ = {isa = PBXFileReference; lastKnownFileType = sourcecode.swift; path = HomeView.swift; sourceTree = "<group>"; };
		4E5BD0CD280A0B88000544DA /* Constants.swift */ = {isa = PBXFileReference; lastKnownFileType = sourcecode.swift; path = Constants.swift; sourceTree = "<group>"; };
		4E5BD0CF280AD699000544DA /* RestaurantView.swift */ = {isa = PBXFileReference; lastKnownFileType = sourcecode.swift; path = RestaurantView.swift; sourceTree = "<group>"; };
		4ECCB2BE2809BEBA0046A0A3 /* deliveryApp.app */ = {isa = PBXFileReference; explicitFileType = wrapper.application; includeInIndex = 0; path = deliveryApp.app; sourceTree = BUILT_PRODUCTS_DIR; };
		4ECCB2C12809BEBA0046A0A3 /* deliveryAppApp.swift */ = {isa = PBXFileReference; lastKnownFileType = sourcecode.swift; path = deliveryAppApp.swift; sourceTree = "<group>"; };
		4ECCB2C52809BEBB0046A0A3 /* Assets.xcassets */ = {isa = PBXFileReference; lastKnownFileType = folder.assetcatalog; path = Assets.xcassets; sourceTree = "<group>"; };
		4ECCB2C82809BEBB0046A0A3 /* Preview Assets.xcassets */ = {isa = PBXFileReference; lastKnownFileType = folder.assetcatalog; path = "Preview Assets.xcassets"; sourceTree = "<group>"; };
/* End PBXFileReference section */

/* Begin PBXFrameworksBuildPhase section */
		4ECCB2BB2809BEBA0046A0A3 /* Frameworks */ = {
			isa = PBXFrameworksBuildPhase;
			buildActionMask = 2147483647;
			files = (
				4E296CAA281054840080E9BF /* FirebaseCrashlytics in Frameworks */,
				4E296CA6281054840080E9BF /* FirebaseAnalytics in Frameworks */,
				4E296CAC281054840080E9BF /* FirebaseDatabase in Frameworks */,
				4E296CAE281054840080E9BF /* FirebaseFirestore in Frameworks */,
				4E296CA8281054840080E9BF /* FirebaseAuth in Frameworks */,
				4E296CB0281054840080E9BF /* FirebaseStorage in Frameworks */,
			);
			runOnlyForDeploymentPostprocessing = 0;
		};
/* End PBXFrameworksBuildPhase section */

/* Begin PBXGroup section */
		4E296C70280E01E50080E9BF /* Components */ = {
			isa = PBXGroup;
			children = (
				4E296C71280E01F30080E9BF /* RestaurantTopBarView.swift */,
				4E296C82280EC7DC0080E9BF /* TopBarView.swift */,
			);
			path = Components;
			sourceTree = "<group>";
		};
		4E296C73280E18550080E9BF /* Models */ = {
			isa = PBXGroup;
			children = (
				4E296C74280E185F0080E9BF /* FoodModel.swift */,
				4E296CB1281057B20080E9BF /* UserModel.swift */,
				4E296C76280E1A790080E9BF /* RestaurantModel.swift */,
				4E296C7A280EB1440080E9BF /* CartModel.swift */,
				4E296C86280ECB9A0080E9BF /* PaymentModel.swift */,
				4E296C9228100FFA0080E9BF /* NotificationsModel.swift */,
				4E296C98281029D40080E9BF /* OrderModel.swift */,
			);
			path = Models;
			sourceTree = "<group>";
		};
		4E296C7C280EB1BA0080E9BF /* ViewModels */ = {
			isa = PBXGroup;
			children = (
				4E296C7D280EB1D90080E9BF /* CartViewModel.swift */,
				4E296C88280ED0FC0080E9BF /* UserViewModel.swift */,
			);
			path = ViewModels;
			sourceTree = "<group>";
		};
		4E5BD0C9280A0B02000544DA /* Views */ = {
			isa = PBXGroup;
			children = (
				4E296C70280E01E50080E9BF /* Components */,
				4E5BD0CA280A0B61000544DA /* HomeView.swift */,
				4E5BD0CF280AD699000544DA /* RestaurantView.swift */,
				4E296C6E280E01510080E9BF /* FoodView.swift */,
				4E296C78280EAFAC0080E9BF /* CartView.swift */,
				4E296C84280EC83F0080E9BF /* CheckoutView.swift */,
				4E296C8A280EED5A0080E9BF /* OrderCompleteView.swift */,
				4E296C8C280EF1920080E9BF /* ProfileView.swift */,
				4E296C9C28103A380080E9BF /* PaymentMethodView.swift */,
				4E296C8E2810089E0080E9BF /* SavedView.swift */,
				4E296C9028100DEB0080E9BF /* NotificationsView.swift */,
				4E296C9428101D140080E9BF /* EditProfile.swift */,
				4E296C962810294F0080E9BF /* OrdersView.swift */,
				4E296C9A28102D580080E9BF /* OrderDetailsView.swift */,
				4E296CA0281040E00080E9BF /* HomePageView.swift */,
			);
			path = Views;
			sourceTree = "<group>";
		};
		4E5BD0CC280A0B7F000544DA /* Constants */ = {
			isa = PBXGroup;
			children = (
				4E5BD0CD280A0B88000544DA /* Constants.swift */,
			);
			path = Constants;
			sourceTree = "<group>";
		};
		4ECCB2B52809BEBA0046A0A3 = {
			isa = PBXGroup;
			children = (
				4ECCB2C02809BEBA0046A0A3 /* deliveryApp */,
				4ECCB2BF2809BEBA0046A0A3 /* Products */,
			);
			sourceTree = "<group>";
		};
		4ECCB2BF2809BEBA0046A0A3 /* Products */ = {
			isa = PBXGroup;
			children = (
				4ECCB2BE2809BEBA0046A0A3 /* deliveryApp.app */,
			);
			name = Products;
			sourceTree = "<group>";
		};
		4ECCB2C02809BEBA0046A0A3 /* deliveryApp */ = {
			isa = PBXGroup;
			children = (
				4E5BD0CC280A0B7F000544DA /* Constants */,
				4E296C73280E18550080E9BF /* Models */,
				4E5BD0C9280A0B02000544DA /* Views */,
				4E296C7C280EB1BA0080E9BF /* ViewModels */,
				4ECCB2C12809BEBA0046A0A3 /* deliveryAppApp.swift */,
				4E296CA2281053B50080E9BF /* GoogleService-Info.plist */,
				4ECCB2C52809BEBB0046A0A3 /* Assets.xcassets */,
				4ECCB2C72809BEBB0046A0A3 /* Preview Content */,
			);
			path = deliveryApp;
			sourceTree = "<group>";
		};
		4ECCB2C72809BEBB0046A0A3 /* Preview Content */ = {
			isa = PBXGroup;
			children = (
				4ECCB2C82809BEBB0046A0A3 /* Preview Assets.xcassets */,
			);
			path = "Preview Content";
			sourceTree = "<group>";
		};
/* End PBXGroup section */

/* Begin PBXNativeTarget section */
		4ECCB2BD2809BEBA0046A0A3 /* deliveryApp */ = {
			isa = PBXNativeTarget;
			buildConfigurationList = 4ECCB2CC2809BEBB0046A0A3 /* Build configuration list for PBXNativeTarget "deliveryApp" */;
			buildPhases = (
				4ECCB2BA2809BEBA0046A0A3 /* Sources */,
				4ECCB2BB2809BEBA0046A0A3 /* Frameworks */,
				4ECCB2BC2809BEBA0046A0A3 /* Resources */,
			);
			buildRules = (
			);
			dependencies = (
			);
			name = deliveryApp;
			packageProductDependencies = (
				4E296CA5281054840080E9BF /* FirebaseAnalytics */,
				4E296CA7281054840080E9BF /* FirebaseAuth */,
				4E296CA9281054840080E9BF /* FirebaseCrashlytics */,
				4E296CAB281054840080E9BF /* FirebaseDatabase */,
				4E296CAD281054840080E9BF /* FirebaseFirestore */,
				4E296CAF281054840080E9BF /* FirebaseStorage */,
			);
			productName = deliveryApp;
			productReference = 4ECCB2BE2809BEBA0046A0A3 /* deliveryApp.app */;
			productType = "com.apple.product-type.application";
		};
/* End PBXNativeTarget section */

/* Begin PBXProject section */
		4ECCB2B62809BEBA0046A0A3 /* Project object */ = {
			isa = PBXProject;
			attributes = {
				BuildIndependentTargetsInParallel = 1;
				LastSwiftUpdateCheck = 1330;
				LastUpgradeCheck = 1330;
				TargetAttributes = {
					4ECCB2BD2809BEBA0046A0A3 = {
						CreatedOnToolsVersion = 13.3.1;
					};
				};
			};
			buildConfigurationList = 4ECCB2B92809BEBA0046A0A3 /* Build configuration list for PBXProject "deliveryApp" */;
			compatibilityVersion = "Xcode 13.0";
			developmentRegion = en;
			hasScannedForEncodings = 0;
			knownRegions = (
				en,
				Base,
			);
			mainGroup = 4ECCB2B52809BEBA0046A0A3;
			packageReferences = (
				4E296CA4281054840080E9BF /* XCRemoteSwiftPackageReference "firebase-ios-sdk" */,
			);
			productRefGroup = 4ECCB2BF2809BEBA0046A0A3 /* Products */;
			projectDirPath = "";
			projectRoot = "";
			targets = (
				4ECCB2BD2809BEBA0046A0A3 /* deliveryApp */,
			);
		};
/* End PBXProject section */

/* Begin PBXResourcesBuildPhase section */
		4ECCB2BC2809BEBA0046A0A3 /* Resources */ = {
			isa = PBXResourcesBuildPhase;
			buildActionMask = 2147483647;
			files = (
				4ECCB2C92809BEBB0046A0A3 /* Preview Assets.xcassets in Resources */,
				4ECCB2C62809BEBB0046A0A3 /* Assets.xcassets in Resources */,
				4E296CA3281053B50080E9BF /* GoogleService-Info.plist in Resources */,
			);
			runOnlyForDeploymentPostprocessing = 0;
		};
/* End PBXResourcesBuildPhase section */

/* Begin PBXSourcesBuildPhase section */
		4ECCB2BA2809BEBA0046A0A3 /* Sources */ = {
			isa = PBXSourcesBuildPhase;
			buildActionMask = 2147483647;
			files = (
				4E296C79280EAFAC0080E9BF /* CartView.swift in Sources */,
				4E5BD0CB280A0B61000544DA /* HomeView.swift in Sources */,
				4E296C9328100FFA0080E9BF /* NotificationsModel.swift in Sources */,
				4E296C8B280EED5A0080E9BF /* OrderCompleteView.swift in Sources */,
				4E296C6F280E01510080E9BF /* FoodView.swift in Sources */,
				4E296C9528101D140080E9BF /* EditProfile.swift in Sources */,
				4E296C77280E1A790080E9BF /* RestaurantModel.swift in Sources */,
				4E296C9128100DEB0080E9BF /* NotificationsView.swift in Sources */,
				4E296C87280ECB9A0080E9BF /* PaymentModel.swift in Sources */,
				4ECCB2C22809BEBA0046A0A3 /* deliveryAppApp.swift in Sources */,
				4E296C7B280EB1440080E9BF /* CartModel.swift in Sources */,
				4E296C99281029D40080E9BF /* OrderModel.swift in Sources */,
				4E296C972810294F0080E9BF /* OrdersView.swift in Sources */,
				4E5BD0CE280A0B88000544DA /* Constants.swift in Sources */,
				4E296CA1281040E00080E9BF /* HomePageView.swift in Sources */,
				4E296C8D280EF1920080E9BF /* ProfileView.swift in Sources */,
				4E296CB2281057B20080E9BF /* UserModel.swift in Sources */,
				4E296C85280EC83F0080E9BF /* CheckoutView.swift in Sources */,
				4E296C83280EC7DC0080E9BF /* TopBarView.swift in Sources */,
				4E296C9D28103A380080E9BF /* PaymentMethodView.swift in Sources */,
				4E5BD0D0280AD699000544DA /* RestaurantView.swift in Sources */,
				4E296C72280E01F30080E9BF /* RestaurantTopBarView.swift in Sources */,
				4E296C8F2810089E0080E9BF /* SavedView.swift in Sources */,
				4E296C75280E185F0080E9BF /* FoodModel.swift in Sources */,
				4E296C89280ED0FC0080E9BF /* UserViewModel.swift in Sources */,
				4E296C9B28102D580080E9BF /* OrderDetailsView.swift in Sources */,
				4E296C7E280EB1D90080E9BF /* CartViewModel.swift in Sources */,
			);
			runOnlyForDeploymentPostprocessing = 0;
		};
/* End PBXSourcesBuildPhase section */

/* Begin XCBuildConfiguration section */
		4ECCB2CA2809BEBB0046A0A3 /* Debug */ = {
			isa = XCBuildConfiguration;
			buildSettings = {
				ALWAYS_SEARCH_USER_PATHS = NO;
				CLANG_ANALYZER_NONNULL = YES;
				CLANG_ANALYZER_NUMBER_OBJECT_CONVERSION = YES_AGGRESSIVE;
				CLANG_CXX_LANGUAGE_STANDARD = "gnu++17";
				CLANG_ENABLE_MODULES = YES;
				CLANG_ENABLE_OBJC_ARC = YES;
				CLANG_ENABLE_OBJC_WEAK = YES;
				CLANG_WARN_BLOCK_CAPTURE_AUTORELEASING = YES;
				CLANG_WARN_BOOL_CONVERSION = YES;
				CLANG_WARN_COMMA = YES;
				CLANG_WARN_CONSTANT_CONVERSION = YES;
				CLANG_WARN_DEPRECATED_OBJC_IMPLEMENTATIONS = YES;
				CLANG_WARN_DIRECT_OBJC_ISA_USAGE = YES_ERROR;
				CLANG_WARN_DOCUMENTATION_COMMENTS = YES;
				CLANG_WARN_EMPTY_BODY = YES;
				CLANG_WARN_ENUM_CONVERSION = YES;
				CLANG_WARN_INFINITE_RECURSION = YES;
				CLANG_WARN_INT_CONVERSION = YES;
				CLANG_WARN_NON_LITERAL_NULL_CONVERSION = YES;
				CLANG_WARN_OBJC_IMPLICIT_RETAIN_SELF = YES;
				CLANG_WARN_OBJC_LITERAL_CONVERSION = YES;
				CLANG_WARN_OBJC_ROOT_CLASS = YES_ERROR;
				CLANG_WARN_QUOTED_INCLUDE_IN_FRAMEWORK_HEADER = YES;
				CLANG_WARN_RANGE_LOOP_ANALYSIS = YES;
				CLANG_WARN_STRICT_PROTOTYPES = YES;
				CLANG_WARN_SUSPICIOUS_MOVE = YES;
				CLANG_WARN_UNGUARDED_AVAILABILITY = YES_AGGRESSIVE;
				CLANG_WARN_UNREACHABLE_CODE = YES;
				CLANG_WARN__DUPLICATE_METHOD_MATCH = YES;
				COPY_PHASE_STRIP = NO;
				DEBUG_INFORMATION_FORMAT = dwarf;
				ENABLE_STRICT_OBJC_MSGSEND = YES;
				ENABLE_TESTABILITY = YES;
				GCC_C_LANGUAGE_STANDARD = gnu11;
				GCC_DYNAMIC_NO_PIC = NO;
				GCC_NO_COMMON_BLOCKS = YES;
				GCC_OPTIMIZATION_LEVEL = 0;
				GCC_PREPROCESSOR_DEFINITIONS = (
					"DEBUG=1",
					"$(inherited)",
				);
				GCC_WARN_64_TO_32_BIT_CONVERSION = YES;
				GCC_WARN_ABOUT_RETURN_TYPE = YES_ERROR;
				GCC_WARN_UNDECLARED_SELECTOR = YES;
				GCC_WARN_UNINITIALIZED_AUTOS = YES_AGGRESSIVE;
				GCC_WARN_UNUSED_FUNCTION = YES;
				GCC_WARN_UNUSED_VARIABLE = YES;
				IPHONEOS_DEPLOYMENT_TARGET = 15.4;
				MTL_ENABLE_DEBUG_INFO = INCLUDE_SOURCE;
				MTL_FAST_MATH = YES;
				ONLY_ACTIVE_ARCH = YES;
				SDKROOT = iphoneos;
				SWIFT_ACTIVE_COMPILATION_CONDITIONS = DEBUG;
				SWIFT_OPTIMIZATION_LEVEL = "-Onone";
			};
			name = Debug;
		};
		4ECCB2CB2809BEBB0046A0A3 /* Release */ = {
			isa = XCBuildConfiguration;
			buildSettings = {
				ALWAYS_SEARCH_USER_PATHS = NO;
				CLANG_ANALYZER_NONNULL = YES;
				CLANG_ANALYZER_NUMBER_OBJECT_CONVERSION = YES_AGGRESSIVE;
				CLANG_CXX_LANGUAGE_STANDARD = "gnu++17";
				CLANG_ENABLE_MODULES = YES;
				CLANG_ENABLE_OBJC_ARC = YES;
				CLANG_ENABLE_OBJC_WEAK = YES;
				CLANG_WARN_BLOCK_CAPTURE_AUTORELEASING = YES;
				CLANG_WARN_BOOL_CONVERSION = YES;
				CLANG_WARN_COMMA = YES;
				CLANG_WARN_CONSTANT_CONVERSION = YES;
				CLANG_WARN_DEPRECATED_OBJC_IMPLEMENTATIONS = YES;
				CLANG_WARN_DIRECT_OBJC_ISA_USAGE = YES_ERROR;
				CLANG_WARN_DOCUMENTATION_COMMENTS = YES;
				CLANG_WARN_EMPTY_BODY = YES;
				CLANG_WARN_ENUM_CONVERSION = YES;
				CLANG_WARN_INFINITE_RECURSION = YES;
				CLANG_WARN_INT_CONVERSION = YES;
				CLANG_WARN_NON_LITERAL_NULL_CONVERSION = YES;
				CLANG_WARN_OBJC_IMPLICIT_RETAIN_SELF = YES;
				CLANG_WARN_OBJC_LITERAL_CONVERSION = YES;
				CLANG_WARN_OBJC_ROOT_CLASS = YES_ERROR;
				CLANG_WARN_QUOTED_INCLUDE_IN_FRAMEWORK_HEADER = YES;
				CLANG_WARN_RANGE_LOOP_ANALYSIS = YES;
				CLANG_WARN_STRICT_PROTOTYPES = YES;
				CLANG_WARN_SUSPICIOUS_MOVE = YES;
				CLANG_WARN_UNGUARDED_AVAILABILITY = YES_AGGRESSIVE;
				CLANG_WARN_UNREACHABLE_CODE = YES;
				CLANG_WARN__DUPLICATE_METHOD_MATCH = YES;
				COPY_PHASE_STRIP = NO;
				DEBUG_INFORMATION_FORMAT = "dwarf-with-dsym";
				ENABLE_NS_ASSERTIONS = NO;
				ENABLE_STRICT_OBJC_MSGSEND = YES;
				GCC_C_LANGUAGE_STANDARD = gnu11;
				GCC_NO_COMMON_BLOCKS = YES;
				GCC_WARN_64_TO_32_BIT_CONVERSION = YES;
				GCC_WARN_ABOUT_RETURN_TYPE = YES_ERROR;
				GCC_WARN_UNDECLARED_SELECTOR = YES;
				GCC_WARN_UNINITIALIZED_AUTOS = YES_AGGRESSIVE;
				GCC_WARN_UNUSED_FUNCTION = YES;
				GCC_WARN_UNUSED_VARIABLE = YES;
				IPHONEOS_DEPLOYMENT_TARGET = 15.4;
				MTL_ENABLE_DEBUG_INFO = NO;
				MTL_FAST_MATH = YES;
				SDKROOT = iphoneos;
				SWIFT_COMPILATION_MODE = wholemodule;
				SWIFT_OPTIMIZATION_LEVEL = "-O";
				VALIDATE_PRODUCT = YES;
			};
			name = Release;
		};
		4ECCB2CD2809BEBB0046A0A3 /* Debug */ = {
			isa = XCBuildConfiguration;
			buildSettings = {
				ASSETCATALOG_COMPILER_APPICON_NAME = AppIcon;
				ASSETCATALOG_COMPILER_GLOBAL_ACCENT_COLOR_NAME = AccentColor;
				CODE_SIGN_STYLE = Automatic;
				CURRENT_PROJECT_VERSION = 1;
				DEVELOPMENT_ASSET_PATHS = "\"deliveryApp/Preview Content\"";
				DEVELOPMENT_TEAM = VWD3W6VA3Y;
				ENABLE_PREVIEWS = YES;
				GENERATE_INFOPLIST_FILE = YES;
				INFOPLIST_KEY_UIApplicationSceneManifest_Generation = YES;
				INFOPLIST_KEY_UIApplicationSupportsIndirectInputEvents = YES;
				INFOPLIST_KEY_UILaunchScreen_Generation = YES;
				INFOPLIST_KEY_UISupportedInterfaceOrientations_iPad = "UIInterfaceOrientationPortrait UIInterfaceOrientationPortraitUpsideDown UIInterfaceOrientationLandscapeLeft UIInterfaceOrientationLandscapeRight";
				INFOPLIST_KEY_UISupportedInterfaceOrientations_iPhone = "UIInterfaceOrientationPortrait UIInterfaceOrientationLandscapeLeft UIInterfaceOrientationLandscapeRight";
				LD_RUNPATH_SEARCH_PATHS = (
					"$(inherited)",
					"@executable_path/Frameworks",
				);
				MARKETING_VERSION = 1.0;
				PRODUCT_BUNDLE_IDENTIFIER = deliveryPoncea;
				PRODUCT_NAME = "$(TARGET_NAME)";
				SWIFT_EMIT_LOC_STRINGS = YES;
				SWIFT_VERSION = 5.0;
				TARGETED_DEVICE_FAMILY = "1,2";
			};
			name = Debug;
		};
		4ECCB2CE2809BEBB0046A0A3 /* Release */ = {
			isa = XCBuildConfiguration;
			buildSettings = {
				ASSETCATALOG_COMPILER_APPICON_NAME = AppIcon;
				ASSETCATALOG_COMPILER_GLOBAL_ACCENT_COLOR_NAME = AccentColor;
				CODE_SIGN_STYLE = Automatic;
				CURRENT_PROJECT_VERSION = 1;
				DEVELOPMENT_ASSET_PATHS = "\"deliveryApp/Preview Content\"";
				DEVELOPMENT_TEAM = VWD3W6VA3Y;
				ENABLE_PREVIEWS = YES;
				GENERATE_INFOPLIST_FILE = YES;
				INFOPLIST_KEY_UIApplicationSceneManifest_Generation = YES;
				INFOPLIST_KEY_UIApplicationSupportsIndirectInputEvents = YES;
				INFOPLIST_KEY_UILaunchScreen_Generation = YES;
				INFOPLIST_KEY_UISupportedInterfaceOrientations_iPad = "UIInterfaceOrientationPortrait UIInterfaceOrientationPortraitUpsideDown UIInterfaceOrientationLandscapeLeft UIInterfaceOrientationLandscapeRight";
				INFOPLIST_KEY_UISupportedInterfaceOrientations_iPhone = "UIInterfaceOrientationPortrait UIInterfaceOrientationLandscapeLeft UIInterfaceOrientationLandscapeRight";
				LD_RUNPATH_SEARCH_PATHS = (
					"$(inherited)",
					"@executable_path/Frameworks",
				);
				MARKETING_VERSION = 1.0;
				PRODUCT_BUNDLE_IDENTIFIER = deliveryPoncea;
				PRODUCT_NAME = "$(TARGET_NAME)";
				SWIFT_EMIT_LOC_STRINGS = YES;
				SWIFT_VERSION = 5.0;
				TARGETED_DEVICE_FAMILY = "1,2";
			};
			name = Release;
		};
/* End XCBuildConfiguration section */

/* Begin XCConfigurationList section */
		4ECCB2B92809BEBA0046A0A3 /* Build configuration list for PBXProject "deliveryApp" */ = {
			isa = XCConfigurationList;
			buildConfigurations = (
				4ECCB2CA2809BEBB0046A0A3 /* Debug */,
				4ECCB2CB2809BEBB0046A0A3 /* Release */,
			);
			defaultConfigurationIsVisible = 0;
			defaultConfigurationName = Release;
		};
		4ECCB2CC2809BEBB0046A0A3 /* Build configuration list for PBXNativeTarget "deliveryApp" */ = {
			isa = XCConfigurationList;
			buildConfigurations = (
				4ECCB2CD2809BEBB0046A0A3 /* Debug */,
				4ECCB2CE2809BEBB0046A0A3 /* Release */,
			);
			defaultConfigurationIsVisible = 0;
			defaultConfigurationName = Release;
		};
/* End XCConfigurationList section */

/* Begin XCRemoteSwiftPackageReference section */
		4E296CA4281054840080E9BF /* XCRemoteSwiftPackageReference "firebase-ios-sdk" */ = {
			isa = XCRemoteSwiftPackageReference;
			repositoryURL = "https://github.com/firebase/firebase-ios-sdk";
			requirement = {
				kind = upToNextMajorVersion;
				minimumVersion = 8.0.0;
			};
		};
/* End XCRemoteSwiftPackageReference section */

/* Begin XCSwiftPackageProductDependency section */
		4E296CA5281054840080E9BF /* FirebaseAnalytics */ = {
			isa = XCSwiftPackageProductDependency;
			package = 4E296CA4281054840080E9BF /* XCRemoteSwiftPackageReference "firebase-ios-sdk" */;
			productName = FirebaseAnalytics;
		};
		4E296CA7281054840080E9BF /* FirebaseAuth */ = {
			isa = XCSwiftPackageProductDependency;
			package = 4E296CA4281054840080E9BF /* XCRemoteSwiftPackageReference "firebase-ios-sdk" */;
			productName = FirebaseAuth;
		};
		4E296CA9281054840080E9BF /* FirebaseCrashlytics */ = {
			isa = XCSwiftPackageProductDependency;
			package = 4E296CA4281054840080E9BF /* XCRemoteSwiftPackageReference "firebase-ios-sdk" */;
			productName = FirebaseCrashlytics;
		};
		4E296CAB281054840080E9BF /* FirebaseDatabase */ = {
			isa = XCSwiftPackageProductDependency;
			package = 4E296CA4281054840080E9BF /* XCRemoteSwiftPackageReference "firebase-ios-sdk" */;
			productName = FirebaseDatabase;
		};
		4E296CAD281054840080E9BF /* FirebaseFirestore */ = {
			isa = XCSwiftPackageProductDependency;
			package = 4E296CA4281054840080E9BF /* XCRemoteSwiftPackageReference "firebase-ios-sdk" */;
			productName = FirebaseFirestore;
		};
		4E296CAF281054840080E9BF /* FirebaseStorage */ = {
			isa = XCSwiftPackageProductDependency;
			package = 4E296CA4281054840080E9BF /* XCRemoteSwiftPackageReference "firebase-ios-sdk" */;
			productName = FirebaseStorage;
		};
/* End XCSwiftPackageProductDependency section */
	};
	rootObject = 4ECCB2B62809BEBA0046A0A3 /* Project object */;
}
